
Microsoft Visual Studio Solution File, Format Version 12.00
# Visual Studio Version 17
VisualStudioVersion = 17.9.34728.123
MinimumVisualStudioVersion = 10.0.40219.1
Project("{9A19103F-16F7-4668-BE54-9A1E7A4F7556}") = "NEW BALL GAME2", "NEW BALL GAME2.csproj", "{F484AC2C-DEC3-4B10-8B25-AFF59E0B835D}"
EndProject
Global
	GlobalSection(SolutionConfigurationPlatforms) = preSolution
		Debug|Any CPU = Debug|Any CPU
		Release|Any CPU = Release|Any CPU
	EndGlobalSection
	GlobalSection(ProjectConfigurationPlatforms) = postSolution
		{F484AC2C-DEC3-4B10-8B25-AFF59E0B835D}.Debug|Any CPU.ActiveCfg = Debug|Any CPU
		{F484AC2C-DEC3-4B10-8B25-AFF59E0B835D}.Debug|Any CPU.Build.0 = Debug|Any CPU
		{F484AC2C-DEC3-4B10-8B25-AFF59E0B835D}.Release|Any CPU.ActiveCfg = Release|Any CPU
		{F484AC2C-DEC3-4B10-8B25-AFF59E0B835D}.Release|Any CPU.Build.0 = Release|Any CPU
	EndGlobalSection
	GlobalSection(SolutionProperties) = preSolution
		HideSolutionNode = FALSE
	EndGlobalSection
	GlobalSection(ExtensibilityGlobals) = postSolution
		SolutionGuid = {2F0B3D8C-5AE9-42A7-93B3-7A79DF283CE3}
	EndGlobalSection
EndGlobal
